// !$*UTF8*$!
{
	archiveVersion = 1;
	classes = {
	};
	objectVersion = 50;
	objects = {

/* Begin PBXBuildFile section */
		F293FE8D25091D800091DF30 /* AppDelegate.swift in Sources */ = {isa = PBXBuildFile; fileRef = F293FE8C25091D800091DF30 /* AppDelegate.swift */; };
		F293FE8F25091D800091DF30 /* SceneDelegate.swift in Sources */ = {isa = PBXBuildFile; fileRef = F293FE8E25091D800091DF30 /* SceneDelegate.swift */; };
		F293FE9125091D800091DF30 /* ViewController.swift in Sources */ = {isa = PBXBuildFile; fileRef = F293FE9025091D800091DF30 /* ViewController.swift */; };
		F293FE9425091D800091DF30 /* Main.storyboard in Resources */ = {isa = PBXBuildFile; fileRef = F293FE9225091D800091DF30 /* Main.storyboard */; };
		F293FE9625091D820091DF30 /* Assets.xcassets in Resources */ = {isa = PBXBuildFile; fileRef = F293FE9525091D820091DF30 /* Assets.xcassets */; };
		F293FE9925091D820091DF30 /* LaunchScreen.storyboard in Resources */ = {isa = PBXBuildFile; fileRef = F293FE9725091D820091DF30 /* LaunchScreen.storyboard */; };
		F293FEA1250921800091DF30 /* CircleButton.swift in Sources */ = {isa = PBXBuildFile; fileRef = F293FEA0250921800091DF30 /* CircleButton.swift */; };
/* End PBXBuildFile section */

/* Begin PBXFileReference section */
		F293FE8925091D800091DF30 /* autolayout_stackview_tutorial.app */ = {isa = PBXFileReference; explicitFileType = wrapper.application; includeInIndex = 0; path = autolayout_stackview_tutorial.app; sourceTree = BUILT_PRODUCTS_DIR; };
		F293FE8C25091D800091DF30 /* AppDelegate.swift */ = {isa = PBXFileReference; lastKnownFileType = sourcecode.swift; path = AppDelegate.swift; sourceTree = "<group>"; };
		F293FE8E25091D800091DF30 /* SceneDelegate.swift */ = {isa = PBXFileReference; lastKnownFileType = sourcecode.swift; path = SceneDelegate.swift; sourceTree = "<group>"; };
		F293FE9025091D800091DF30 /* ViewController.swift */ = {isa = PBXFileReference; lastKnownFileType = sourcecode.swift; path = ViewController.swift; sourceTree = "<group>"; };
		F293FE9325091D800091DF30 /* Base */ = {isa = PBXFileReference; lastKnownFileType = file.storyboard; name = Base; path = Base.lproj/Main.storyboard; sourceTree = "<group>"; };
		F293FE9525091D820091DF30 /* Assets.xcassets */ = {isa = PBXFileReference; lastKnownFileType = folder.assetcatalog; path = Assets.xcassets; sourceTree = "<group>"; };
		F293FE9825091D820091DF30 /* Base */ = {isa = PBXFileReference; lastKnownFileType = file.storyboard; name = Base; path = Base.lproj/LaunchScreen.storyboard; sourceTree = "<group>"; };
		F293FE9A25091D820091DF30 /* Info.plist */ = {isa = PBXFileReference; lastKnownFileType = text.plist.xml; path = Info.plist; sourceTree = "<group>"; };
		F293FEA0250921800091DF30 /* CircleButton.swift */ = {isa = PBXFileReference; lastKnownFileType = sourcecode.swift; path = CircleButton.swift; sourceTree = "<group>"; };
/* End PBXFileReference section */

/* Begin PBXFrameworksBuildPhase section */
		F293FE8625091D800091DF30 /* Frameworks */ = {
			isa = PBXFrameworksBuildPhase;
			buildActionMask = 2147483647;
			files = (
			);
			runOnlyForDeploymentPostprocessing = 0;
		};
/* End PBXFrameworksBuildPhase section */

/* Begin PBXGroup section */
		F293FE8025091D800091DF30 = {
			isa = PBXGroup;
			children = (
				F293FE8B25091D800091DF30 /* autolayout_stackview_tutorial */,
				F293FE8A25091D800091DF30 /* Products */,
			);
			sourceTree = "<group>";
		};
		F293FE8A25091D800091DF30 /* Products */ = {
			isa = PBXGroup;
			children = (
				F293FE8925091D800091DF30 /* autolayout_stackview_tutorial.app */,
			);
			name = Products;
			sourceTree = "<group>";
		};
		F293FE8B25091D800091DF30 /* autolayout_stackview_tutorial */ = {
			isa = PBXGroup;
			children = (
				F293FE8C25091D800091DF30 /* AppDelegate.swift */,
				F293FE8E25091D800091DF30 /* SceneDelegate.swift */,
				F293FE9025091D800091DF30 /* ViewController.swift */,
				F293FE9225091D800091DF30 /* Main.storyboard */,
				F293FEA0250921800091DF30 /* CircleButton.swift */,
				F293FE9525091D820091DF30 /* Assets.xcassets */,
				F293FE9725091D820091DF30 /* LaunchScreen.storyboard */,
				F293FE9A25091D820091DF30 /* Info.plist */,
			);
			path = autolayout_stackview_tutorial;
			sourceTree = "<group>";
		};
/* End PBXGroup section */

/* Begin PBXNativeTarget section */
		F293FE8825091D800091DF30 /* autolayout_stackview_tutorial */ = {
			isa = PBXNativeTarget;
			buildConfigurationList = F293FE9D25091D820091DF30 /* Build configuration list for PBXNativeTarget "autolayout_stackview_tutorial" */;
			buildPhases = (
				F293FE8525091D800091DF30 /* Sources */,
				F293FE8625091D800091DF30 /* Frameworks */,
				F293FE8725091D800091DF30 /* Resources */,
			);
			buildRules = (
			);
			dependencies = (
			);
			name = autolayout_stackview_tutorial;
			productName = autolayout_stackview_tutorial;
			productReference = F293FE8925091D800091DF30 /* autolayout_stackview_tutorial.app */;
			productType = "com.apple.product-type.application";
		};
/* End PBXNativeTarget section */

/* Begin PBXProject section */
		F293FE8125091D800091DF30 /* Project object */ = {
			isa = PBXProject;
			attributes = {
				LastSwiftUpdateCheck = 1170;
				LastUpgradeCheck = 1170;
				ORGANIZATIONNAME = Tuentuenna;
				TargetAttributes = {
					F293FE8825091D800091DF30 = {
						CreatedOnToolsVersion = 11.7;
					};
				};
			};
			buildConfigurationList = F293FE8425091D800091DF30 /* Build configuration list for PBXProject "autolayout_stackview_tutorial" */;
			compatibilityVersion = "Xcode 9.3";
			developmentRegion = en;
			hasScannedForEncodings = 0;
			knownRegions = (
				en,
				Base,
			);
			mainGroup = F293FE8025091D800091DF30;
			productRefGroup = F293FE8A25091D800091DF30 /* Products */;
			projectDirPath = "";
			projectRoot = "";
			targets = (
				F293FE8825091D800091DF30 /* autolayout_stackview_tutorial */,
			);
		};
/* End PBXProject section */

/* Begin PBXResourcesBuildPhase section */
		F293FE8725091D800091DF30 /* Resources */ = {
			isa = PBXResourcesBuildPhase;
			buildActionMask = 2147483647;
			files = (
				F293FE9925091D820091DF30 /* LaunchScreen.storyboard in Resources */,
				F293FE9625091D820091DF30 /* Assets.xcassets in Resources */,
				F293FE9425091D800091DF30 /* Main.storyboard in Resources */,
			);
			runOnlyForDeploymentPostprocessing = 0;
		};
/* End PBXResourcesBuildPhase section */

/* Begin PBXSourcesBuildPhase section */
		F293FE8525091D800091DF30 /* Sources */ = {
			isa = PBXSourcesBuildPhase;
			buildActionMask = 2147483647;
			files = (
				F293FE9125091D800091DF30 /* ViewController.swift in Sources */,
				F293FE8D25091D800091DF30 /* AppDelegate.swift in Sources */,
				F293FE8F25091D800091DF30 /* SceneDelegate.swift in Sources */,
				F293FEA1250921800091DF30 /* CircleButton.swift in Sources */,
			);
			runOnlyForDeploymentPostprocessing = 0;
		};
/* End PBXSourcesBuildPhase section */

/* Begin PBXVariantGroup section */
		F293FE9225091D800091DF30 /* Main.storyboard */ = {
			isa = PBXVariantGroup;
			children = (
				F293FE9325091D800091DF30 /* Base */,
			);
			name = Main.storyboard;
			sourceTree = "<group>";
		};
		F293FE9725091D820091DF30 /* LaunchScreen.storyboard */ = {
			isa = PBXVariantGroup;
			children = (
				F293FE9825091D820091DF30 /* Base */,
			);
			name = LaunchScreen.storyboard;
			sourceTree = "<group>";
		};
/* End PBXVariantGroup section */

/* Begin XCBuildConfiguration section */
		F293FE9B25091D820091DF30 /* Debug */ = {
			isa = XCBuildConfiguration;
			buildSettings = {
				ALWAYS_SEARCH_USER_PATHS = NO;
				CLANG_ANALYZER_NONNULL = YES;
				CLANG_ANALYZER_NUMBER_OBJECT_CONVERSION = YES_AGGRESSIVE;
				CLANG_CXX_LANGUAGE_STANDARD = "gnu++14";
				CLANG_CXX_LIBRARY = "libc++";
				CLANG_ENABLE_MODULES = YES;
				CLANG_ENABLE_OBJC_ARC = YES;
				CLANG_ENABLE_OBJC_WEAK = YES;
				CLANG_WARN_BLOCK_CAPTURE_AUTORELEASING = YES;
				CLANG_WARN_BOOL_CONVERSION = YES;
				CLANG_WARN_COMMA = YES;
				CLANG_WARN_CONSTANT_CONVERSION = YES;
				CLANG_WARN_DEPRECATED_OBJC_IMPLEMENTATIONS = YES;
				CLANG_WARN_DIRECT_OBJC_ISA_USAGE = YES_ERROR;
				CLANG_WARN_DOCUMENTATION_COMMENTS = YES;
				CLANG_WARN_EMPTY_BODY = YES;
				CLANG_WARN_ENUM_CONVERSION = YES;
				CLANG_WARN_INFINITE_RECURSION = YES;
				CLANG_WARN_INT_CONVERSION = YES;
				CLANG_WARN_NON_LITERAL_NULL_CONVERSION = YES;
				CLANG_WARN_OBJC_IMPLICIT_RETAIN_SELF = YES;
				CLANG_WARN_OBJC_LITERAL_CONVERSION = YES;
				CLANG_WARN_OBJC_ROOT_CLASS = YES_ERROR;
				CLANG_WARN_RANGE_LOOP_ANALYSIS = YES;
				CLANG_WARN_STRICT_PROTOTYPES = YES;
				CLANG_WARN_SUSPICIOUS_MOVE = YES;
				CLANG_WARN_UNGUARDED_AVAILABILITY = YES_AGGRESSIVE;
				CLANG_WARN_UNREACHABLE_CODE = YES;
				CLANG_WARN__DUPLICATE_METHOD_MATCH = YES;
				COPY_PHASE_STRIP = NO;
				DEBUG_INFORMATION_FORMAT = dwarf;
				ENABLE_STRICT_OBJC_MSGSEND = YES;
				ENABLE_TESTABILITY = YES;
				GCC_C_LANGUAGE_STANDARD = gnu11;
				GCC_DYNAMIC_NO_PIC = NO;
				GCC_NO_COMMON_BLOCKS = YES;
				GCC_OPTIMIZATION_LEVEL = 0;
				GCC_PREPROCESSOR_DEFINITIONS = (
					"DEBUG=1",
					"$(inherited)",
				);
				GCC_WARN_64_TO_32_BIT_CONVERSION = YES;
				GCC_WARN_ABOUT_RETURN_TYPE = YES_ERROR;
				GCC_WARN_UNDECLARED_SELECTOR = YES;
				GCC_WARN_UNINITIALIZED_AUTOS = YES_AGGRESSIVE;
				GCC_WARN_UNUSED_FUNCTION = YES;
				GCC_WARN_UNUSED_VARIABLE = YES;
				IPHONEOS_DEPLOYMENT_TARGET = 13.7;
				MTL_ENABLE_DEBUG_INFO = INCLUDE_SOURCE;
				MTL_FAST_MATH = YES;
				ONLY_ACTIVE_ARCH = YES;
				SDKROOT = iphoneos;
				SWIFT_ACTIVE_COMPILATION_CONDITIONS = DEBUG;
				SWIFT_OPTIMIZATION_LEVEL = "-Onone";
			};
			name = Debug;
		};
		F293FE9C25091D820091DF30 /* Release */ = {
			isa = XCBuildConfiguration;
			buildSettings = {
				ALWAYS_SEARCH_USER_PATHS = NO;
				CLANG_ANALYZER_NONNULL = YES;
				CLANG_ANALYZER_NUMBER_OBJECT_CONVERSION = YES_AGGRESSIVE;
				CLANG_CXX_LANGUAGE_STANDARD = "gnu++14";
				CLANG_CXX_LIBRARY = "libc++";
				CLANG_ENABLE_MODULES = YES;
				CLANG_ENABLE_OBJC_ARC = YES;
				CLANG_ENABLE_OBJC_WEAK = YES;
				CLANG_WARN_BLOCK_CAPTURE_AUTORELEASING = YES;
				CLANG_WARN_BOOL_CONVERSION = YES;
				CLANG_WARN_COMMA = YES;
				CLANG_WARN_CONSTANT_CONVERSION = YES;
				CLANG_WARN_DEPRECATED_OBJC_IMPLEMENTATIONS = YES;
				CLANG_WARN_DIRECT_OBJC_ISA_USAGE = YES_ERROR;
				CLANG_WARN_DOCUMENTATION_COMMENTS = YES;
				CLANG_WARN_EMPTY_BODY = YES;
				CLANG_WARN_ENUM_CONVERSION = YES;
				CLANG_WARN_INFINITE_RECURSION = YES;
				CLANG_WARN_INT_CONVERSION = YES;
				CLANG_WARN_NON_LITERAL_NULL_CONVERSION = YES;
				CLANG_WARN_OBJC_IMPLICIT_RETAIN_SELF = YES;
				CLANG_WARN_OBJC_LITERAL_CONVERSION = YES;
				CLANG_WARN_OBJC_ROOT_CLASS = YES_ERROR;
				CLANG_WARN_RANGE_LOOP_ANALYSIS = YES;
				CLANG_WARN_STRICT_PROTOTYPES = YES;
				CLANG_WARN_SUSPICIOUS_MOVE = YES;
				CLANG_WARN_UNGUARDED_AVAILABILITY = YES_AGGRESSIVE;
				CLANG_WARN_UNREACHABLE_CODE = YES;
				CLANG_WARN__DUPLICATE_METHOD_MATCH = YES;
				COPY_PHASE_STRIP = NO;
				DEBUG_INFORMATION_FORMAT = "dwarf-with-dsym";
				ENABLE_NS_ASSERTIONS = NO;
				ENABLE_STRICT_OBJC_MSGSEND = YES;
				GCC_C_LANGUAGE_STANDARD = gnu11;
				GCC_NO_COMMON_BLOCKS = YES;
				GCC_WARN_64_TO_32_BIT_CONVERSION = YES;
				GCC_WARN_ABOUT_RETURN_TYPE = YES_ERROR;
				GCC_WARN_UNDECLARED_SELECTOR = YES;
				GCC_WARN_UNINITIALIZED_AUTOS = YES_AGGRESSIVE;
				GCC_WARN_UNUSED_FUNCTION = YES;
				GCC_WARN_UNUSED_VARIABLE = YES;
				IPHONEOS_DEPLOYMENT_TARGET = 13.7;
				MTL_ENABLE_DEBUG_INFO = NO;
				MTL_FAST_MATH = YES;
				SDKROOT = iphoneos;
				SWIFT_COMPILATION_MODE = wholemodule;
				SWIFT_OPTIMIZATION_LEVEL = "-O";
				VALIDATE_PRODUCT = YES;
			};
			name = Release;
		};
		F293FE9E25091D820091DF30 /* Debug */ = {
			isa = XCBuildConfiguration;
			buildSettings = {
				ASSETCATALOG_COMPILER_APPICON_NAME = AppIcon;
				CODE_SIGN_STYLE = Automatic;
				DEVELOPMENT_TEAM = 67XDG42679;
				INFOPLIST_FILE = autolayout_stackview_tutorial/Info.plist;
				LD_RUNPATH_SEARCH_PATHS = (
					"$(inherited)",
					"@executable_path/Frameworks",
				);
				PRODUCT_BUNDLE_IDENTIFIER = "com.tuentuenna.autolayout-stackview-tutorial";
				PRODUCT_NAME = "$(TARGET_NAME)";
				SWIFT_VERSION = 5.0;
				TARGETED_DEVICE_FAMILY = "1,2";
			};
			name = Debug;
		};
		F293FE9F25091D820091DF30 /* Release */ = {
			isa = XCBuildConfiguration;
			buildSettings = {
				ASSETCATALOG_COMPILER_APPICON_NAME = AppIcon;
				CODE_SIGN_STYLE = Automatic;
				DEVELOPMENT_TEAM = 67XDG42679;
				INFOPLIST_FILE = autolayout_stackview_tutorial/Info.plist;
				LD_RUNPATH_SEARCH_PATHS = (
					"$(inherited)",
					"@executable_path/Frameworks",
				);
				PRODUCT_BUNDLE_IDENTIFIER = "com.tuentuenna.autolayout-stackview-tutorial";
				PRODUCT_NAME = "$(TARGET_NAME)";
				SWIFT_VERSION = 5.0;
				TARGETED_DEVICE_FAMILY = "1,2";
			};
			name = Release;
		};
/* End XCBuildConfiguration section */

/* Begin XCConfigurationList section */
		F293FE8425091D800091DF30 /* Build configuration list for PBXProject "autolayout_stackview_tutorial" */ = {
			isa = XCConfigurationList;
			buildConfigurations = (
				F293FE9B25091D820091DF30 /* Debug */,
				F293FE9C25091D820091DF30 /* Release */,
			);
			defaultConfigurationIsVisible = 0;
			defaultConfigurationName = Release;
		};
		F293FE9D25091D820091DF30 /* Build configuration list for PBXNativeTarget "autolayout_stackview_tutorial" */ = {
			isa = XCConfigurationList;
			buildConfigurations = (
				F293FE9E25091D820091DF30 /* Debug */,
				F293FE9F25091D820091DF30 /* Release */,
			);
			defaultConfigurationIsVisible = 0;
			defaultConfigurationName = Release;
		};
/* End XCConfigurationList section */
	};
	rootObject = F293FE8125091D800091DF30 /* Project object */;
}
